{
  "name": "capitulo04",
  "version": "1.0.0",
  "lockfileVersion": 1,
  "requires": true,
  "dependencies": {
    "@types/jquery": {
      "version": "3.2.16",
      "resolved": "https://registry.npmjs.org/@types/jquery/-/jquery-3.2.16.tgz",
      "integrity": "sha512-q2WC02YxQoX2nY1HRKlYGHpGP1saPmD7GN0pwCDlTz35a4eOtJG+aHRlXyjCuXokUukSrR2aXyBhSW3j+jPc0A=="
    },
    "@types/node": {
      "version": "8.0.53",
      "resolved": "https://registry.npmjs.org/@types/node/-/node-8.0.53.tgz",
      "integrity": "sha512-54Dm6NwYeiSQmRB1BLXKr5GELi0wFapR1npi8bnZhEcu84d/yQKqnwwXQ56hZ0RUbTG6L5nqDZaN3dgByQXQRQ=="
    },
    "@types/q": {
      "version": "1.0.6",
      "resolved": "https://registry.npmjs.org/@types/q/-/q-1.0.6.tgz",
      "integrity": "sha512-LSx7jkcXoXWB+kkfwG5zc9Okbgn51BrjLMtKwbmnqfQlCGttTnTxvDVwQanHxkK6CLKb9yEfxQ1ID6pqDpeURw=="
    }
  }
}
